
Microsoft Visual Studio Solution File, Format Version 12.00
# Visual Studio 2013
VisualStudioVersion = 12.0.30501.0
MinimumVisualStudioVersion = 10.0.40219.1
Project("{FAE04EC0-301F-11D3-BF4B-00C04F79EFBC}") = "Client_Service", "WindowsService1\Client_Service.csproj", "{BB80C421-B7EB-43A0-85B7-D0DE81973079}"
EndProject
Project("{FAE04EC0-301F-11D3-BF4B-00C04F79EFBC}") = "Common_Code", "Common_Code\Common_Code.csproj", "{838F3E81-0355-4D62-9D39-A0C92B40C378}"
EndProject
Global
	GlobalSection(SolutionConfigurationPlatforms) = preSolution
		Debug|Any CPU = Debug|Any CPU
		Debug|x64 = Debug|x64
		Debug|x86 = Debug|x86
		Release|Any CPU = Release|Any CPU
		Release|x64 = Release|x64
		Release|x86 = Release|x86
	EndGlobalSection
	GlobalSection(ProjectConfigurationPlatforms) = postSolution
		{BB80C421-B7EB-43A0-85B7-D0DE81973079}.Debug|Any CPU.ActiveCfg = Debug|Any CPU
		{BB80C421-B7EB-43A0-85B7-D0DE81973079}.Debug|Any CPU.Build.0 = Debug|Any CPU
		{BB80C421-B7EB-43A0-85B7-D0DE81973079}.Debug|x64.ActiveCfg = Debug|Any CPU
		{BB80C421-B7EB-43A0-85B7-D0DE81973079}.Debug|x64.Build.0 = Debug|Any CPU
		{BB80C421-B7EB-43A0-85B7-D0DE81973079}.Debug|x86.ActiveCfg = Debug|Any CPU
		{BB80C421-B7EB-43A0-85B7-D0DE81973079}.Debug|x86.Build.0 = Debug|Any CPU
		{BB80C421-B7EB-43A0-85B7-D0DE81973079}.Release|Any CPU.ActiveCfg = Release|Any CPU
		{BB80C421-B7EB-43A0-85B7-D0DE81973079}.Release|Any CPU.Build.0 = Release|Any CPU
		{BB80C421-B7EB-43A0-85B7-D0DE81973079}.Release|x64.ActiveCfg = Release|Any CPU
		{BB80C421-B7EB-43A0-85B7-D0DE81973079}.Release|x64.Build.0 = Release|Any CPU
		{BB80C421-B7EB-43A0-85B7-D0DE81973079}.Release|x86.ActiveCfg = Release|x86
		{BB80C421-B7EB-43A0-85B7-D0DE81973079}.Release|x86.Build.0 = Release|x86
		{838F3E81-0355-4D62-9D39-A0C92B40C378}.Debug|Any CPU.ActiveCfg = Debug|Any CPU
		{838F3E81-0355-4D62-9D39-A0C92B40C378}.Debug|Any CPU.Build.0 = Debug|Any CPU
		{838F3E81-0355-4D62-9D39-A0C92B40C378}.Debug|x64.ActiveCfg = Debug|Any CPU
		{838F3E81-0355-4D62-9D39-A0C92B40C378}.Debug|x64.Build.0 = Debug|Any CPU
		{838F3E81-0355-4D62-9D39-A0C92B40C378}.Debug|x86.ActiveCfg = Debug|Any CPU
		{838F3E81-0355-4D62-9D39-A0C92B40C378}.Debug|x86.Build.0 = Debug|Any CPU
		{838F3E81-0355-4D62-9D39-A0C92B40C378}.Release|Any CPU.ActiveCfg = Release|Any CPU
		{838F3E81-0355-4D62-9D39-A0C92B40C378}.Release|Any CPU.Build.0 = Release|Any CPU
		{838F3E81-0355-4D62-9D39-A0C92B40C378}.Release|x64.ActiveCfg = Release|Any CPU
		{838F3E81-0355-4D62-9D39-A0C92B40C378}.Release|x64.Build.0 = Release|Any CPU
		{838F3E81-0355-4D62-9D39-A0C92B40C378}.Release|x86.ActiveCfg = Release|x86
		{838F3E81-0355-4D62-9D39-A0C92B40C378}.Release|x86.Build.0 = Release|x86
	EndGlobalSection
	GlobalSection(SolutionProperties) = preSolution
		HideSolutionNode = FALSE
	EndGlobalSection
EndGlobal
